# THIS IS AN AUTOGENERATED FILE. DO NOT EDIT THIS FILE DIRECTLY.
# yarn lockfile v1


"@dcloudio/types@^0.4.4":
  version "0.4.4"
  resolved "https://registry.npm.taobao.org/@dcloudio/types/download/@dcloudio/types-0.4.4.tgz#ad201b072313739c71aed27ff555484cc666d539"
  integrity sha1-rSAbByMTc5xxrtJ/9VVITMZm1Tk=

"@types/moment@^2.13.0":
  version "2.13.0"
  resolved "https://registry.npm.taobao.org/@types/moment/download/@types/moment-2.13.0.tgz#604ebd189bc3bc34a1548689404e61a2a4aac896"
  integrity sha1-YE69GJvDvDShVIaJQE5hoqSqyJY=
  dependencies:
    moment "*"

"@types/typescript@^2.0.0":
  version "2.0.0"
  resolved "https://registry.npm.taobao.org/@types/typescript/download/@types/typescript-2.0.0.tgz#c433539c98bae28682b307eaa7a0fd2115b83c28"
  integrity sha1-xDNTnJi64oaCswfqp6D9IRW4PCg=
  dependencies:
    typescript "*"

"@types/uni-app@^1.4.1":
  version "1.4.1"
  resolved "https://registry.npm.taobao.org/@types/uni-app/download/@types/uni-app-1.4.1.tgz#2df358d976bccd8be4e2230cc046bdcbac5e8b41"
  integrity sha1-LfNY2Xa8zYvk4iMMwEa9y6xei0E=
  dependencies:
    vue "^2.6.8"

lodash.clonedeep@^4.5.0:
  version "4.5.0"
  resolved "https://registry.yarnpkg.com/lodash.clonedeep/-/lodash.clonedeep-4.5.0.tgz#e23f3f9c4f8fbdde872529c1071857a086e5ccef"
  integrity sha1-4j8/nE+Pvd6HJSnBBxhXoIblzO8=

lodash@^4.17.11:
  version "4.17.15"
  resolved "https://registry.yarnpkg.com/lodash/-/lodash-4.17.15.tgz#b447f6670a0455bbfeedd11392eff330ea097548"
  integrity sha512-8xOcRHvCjnocdS5cpwXQXVzmmh5e5+saE2QGoeQmbKmRS6J3VQppPOIt0MnmE+4xlZoumy0GPG0D0MVIQbNA1A==

moment@*, moment@^2.24.0:
  version "2.24.0"
  resolved "https://registry.npm.taobao.org/moment/download/moment-2.24.0.tgz#0d055d53f5052aa653c9f6eb68bb5d12bf5c2b5b"
  integrity sha1-DQVdU/UFKqZTyfbraLtdEr9cK1s=

tki-qrcode@^0.1.5:
  version "0.1.5"
  resolved "https://registry.npm.taobao.org/tki-qrcode/download/tki-qrcode-0.1.5.tgz#b699aeef8dd6ddc2e09ca21270b351122823fa8c"
  integrity sha1-tpmu743W3cLgnKIScLNREigj+ow=

typescript@*, typescript@^3.8.3:
  version "3.8.3"
  resolved "https://registry.npm.taobao.org/typescript/download/typescript-3.8.3.tgz#409eb8544ea0335711205869ec458ab109ee1061"
  integrity sha1-QJ64VE6gM1cRIFhp7EWKsQnuEGE=

vue-class-component@^7.0.2:
  version "7.1.0"
  resolved "https://registry.yarnpkg.com/vue-class-component/-/vue-class-component-7.1.0.tgz#b33efcb10e17236d684f70b1e96f1946ec793e87"
  integrity sha512-G9152NzUkz0i0xTfhk0Afc8vzdXxDR1pfN4dTwE72cskkgJtdXfrKBkMfGvDuxUh35U500g5Ve4xL8PEGdWeHg==

vue@^2.6.8:
  version "2.6.11"
  resolved "https://registry.npm.taobao.org/vue/download/vue-2.6.11.tgz#76594d877d4b12234406e84e35275c6d514125c5"
  integrity sha1-dllNh31LEiNEBuhONSdcbVFBJcU=

vuex-pathify@^1.2.2:
  version "1.2.2"
  resolved "https://registry.yarnpkg.com/vuex-pathify/-/vuex-pathify-1.2.2.tgz#98903abeccd971be5a0719218ead44af17a0a86d"
  integrity sha512-JaVidHP1TuGeIlKCTNw97j7DJpFnpIuQSgzlBKi7vi4OAmHKnPB0e1hfaQZVdZrROASZOCYFjVq54QJjCUREtg==
  dependencies:
    lodash.clonedeep "^4.5.0"
    vue-class-component "^7.0.2"

vuex@^3.1.3:
  version "3.1.3"
  resolved "https://registry.npm.taobao.org/vuex/download/vuex-3.1.3.tgz#f2ad73e3fb73691698b38c93f66e58e267947180"
  integrity sha1-8q1z4/tzaRaYs4yT9m5Y4meUcYA=
